// !$*UTF8*$!
{
	archiveVersion = 1;
	classes = {
	};
	objectVersion = 46;
	objects = {

/* Begin PBXBuildFile section */
		B211AE7C1EA7C87500CF3DFB /* AppDelegate.swift in Sources */ = {isa = PBXBuildFile; fileRef = B211AE7B1EA7C87500CF3DFB /* AppDelegate.swift */; };
		B211AE811EA7C87500CF3DFB /* Main.storyboard in Resources */ = {isa = PBXBuildFile; fileRef = B211AE7F1EA7C87500CF3DFB /* Main.storyboard */; };
		B211AE831EA7C87500CF3DFB /* Assets.xcassets in Resources */ = {isa = PBXBuildFile; fileRef = B211AE821EA7C87500CF3DFB /* Assets.xcassets */; };
		B211AE861EA7C87500CF3DFB /* LaunchScreen.storyboard in Resources */ = {isa = PBXBuildFile; fileRef = B211AE841EA7C87500CF3DFB /* LaunchScreen.storyboard */; };
		B2468A951EA7CBBE008F7466 /* StudentListViewController.swift in Sources */ = {isa = PBXBuildFile; fileRef = B2468A941EA7CBBE008F7466 /* StudentListViewController.swift */; };
		B2468A981EA7CD31008F7466 /* Student.swift in Sources */ = {isa = PBXBuildFile; fileRef = B2468A971EA7CD31008F7466 /* Student.swift */; };
		B2468A9B1EA7D128008F7466 /* Student Controller.swift in Sources */ = {isa = PBXBuildFile; fileRef = B2468A9A1EA7D128008F7466 /* Student Controller.swift */; };
		B2468A9E1EA7D151008F7466 /* Network Controller.swift in Sources */ = {isa = PBXBuildFile; fileRef = B2468A9D1EA7D151008F7466 /* Network Controller.swift */; };
/* End PBXBuildFile section */

/* Begin PBXFileReference section */
		B211AE781EA7C87500CF3DFB /* StudentsName.app */ = {isa = PBXFileReference; explicitFileType = wrapper.application; includeInIndex = 0; path = StudentsName.app; sourceTree = BUILT_PRODUCTS_DIR; };
		B211AE7B1EA7C87500CF3DFB /* AppDelegate.swift */ = {isa = PBXFileReference; lastKnownFileType = sourcecode.swift; path = AppDelegate.swift; sourceTree = "<group>"; };
		B211AE801EA7C87500CF3DFB /* Base */ = {isa = PBXFileReference; lastKnownFileType = file.storyboard; name = Base; path = Base.lproj/Main.storyboard; sourceTree = "<group>"; };
		B211AE821EA7C87500CF3DFB /* Assets.xcassets */ = {isa = PBXFileReference; lastKnownFileType = folder.assetcatalog; path = Assets.xcassets; sourceTree = "<group>"; };
		B211AE851EA7C87500CF3DFB /* Base */ = {isa = PBXFileReference; lastKnownFileType = file.storyboard; name = Base; path = Base.lproj/LaunchScreen.storyboard; sourceTree = "<group>"; };
		B211AE871EA7C87500CF3DFB /* Info.plist */ = {isa = PBXFileReference; lastKnownFileType = text.plist.xml; path = Info.plist; sourceTree = "<group>"; };
		B2468A941EA7CBBE008F7466 /* StudentListViewController.swift */ = {isa = PBXFileReference; fileEncoding = 4; lastKnownFileType = sourcecode.swift; path = StudentListViewController.swift; sourceTree = "<group>"; };
		B2468A971EA7CD31008F7466 /* Student.swift */ = {isa = PBXFileReference; fileEncoding = 4; lastKnownFileType = sourcecode.swift; path = Student.swift; sourceTree = "<group>"; };
		B2468A9A1EA7D128008F7466 /* Student Controller.swift */ = {isa = PBXFileReference; fileEncoding = 4; lastKnownFileType = sourcecode.swift; path = "Student Controller.swift"; sourceTree = "<group>"; };
		B2468A9D1EA7D151008F7466 /* Network Controller.swift */ = {isa = PBXFileReference; fileEncoding = 4; lastKnownFileType = sourcecode.swift; path = "Network Controller.swift"; sourceTree = "<group>"; };
/* End PBXFileReference section */

/* Begin PBXFrameworksBuildPhase section */
		B211AE751EA7C87500CF3DFB /* Frameworks */ = {
			isa = PBXFrameworksBuildPhase;
			buildActionMask = 2147483647;
			files = (
			);
			runOnlyForDeploymentPostprocessing = 0;
		};
/* End PBXFrameworksBuildPhase section */

/* Begin PBXGroup section */
		B211AE6F1EA7C87500CF3DFB = {
			isa = PBXGroup;
			children = (
				B211AE7A1EA7C87500CF3DFB /* StudentsName */,
				B211AE791EA7C87500CF3DFB /* Products */,
			);
			sourceTree = "<group>";
		};
		B211AE791EA7C87500CF3DFB /* Products */ = {
			isa = PBXGroup;
			children = (
				B211AE781EA7C87500CF3DFB /* StudentsName.app */,
			);
			name = Products;
			sourceTree = "<group>";
		};
		B211AE7A1EA7C87500CF3DFB /* StudentsName */ = {
			isa = PBXGroup;
			children = (
				B211AE7F1EA7C87500CF3DFB /* Main.storyboard */,
				B211AE7B1EA7C87500CF3DFB /* AppDelegate.swift */,
				B2468A991EA7D115008F7466 /* Model Controllers */,
				B2468A961EA7CD25008F7466 /* Models */,
				B211AE8D1EA7C89100CF3DFB /* View Controllers */,
				B211AE8E1EA7C8A900CF3DFB /* Resources */,
			);
			path = StudentsName;
			sourceTree = "<group>";
		};
		B211AE8D1EA7C89100CF3DFB /* View Controllers */ = {
			isa = PBXGroup;
			children = (
				B2468A941EA7CBBE008F7466 /* StudentListViewController.swift */,
			);
			name = "View Controllers";
			sourceTree = "<group>";
		};
		B211AE8E1EA7C8A900CF3DFB /* Resources */ = {
			isa = PBXGroup;
			children = (
				B2468A9C1EA7D147008F7466 /* Networking */,
				B211AE821EA7C87500CF3DFB /* Assets.xcassets */,
				B211AE841EA7C87500CF3DFB /* LaunchScreen.storyboard */,
				B211AE871EA7C87500CF3DFB /* Info.plist */,
			);
			name = Resources;
			sourceTree = "<group>";
		};
		B2468A961EA7CD25008F7466 /* Models */ = {
			isa = PBXGroup;
			children = (
				B2468A971EA7CD31008F7466 /* Student.swift */,
			);
			name = Models;
			sourceTree = "<group>";
		};
		B2468A991EA7D115008F7466 /* Model Controllers */ = {
			isa = PBXGroup;
			children = (
				B2468A9A1EA7D128008F7466 /* Student Controller.swift */,
			);
			name = "Model Controllers";
			sourceTree = "<group>";
		};
		B2468A9C1EA7D147008F7466 /* Networking */ = {
			isa = PBXGroup;
			children = (
				B2468A9D1EA7D151008F7466 /* Network Controller.swift */,
			);
			name = Networking;
			sourceTree = "<group>";
		};
/* End PBXGroup section */

/* Begin PBXNativeTarget section */
		B211AE771EA7C87500CF3DFB /* StudentsName */ = {
			isa = PBXNativeTarget;
			buildConfigurationList = B211AE8A1EA7C87500CF3DFB /* Build configuration list for PBXNativeTarget "StudentsName" */;
			buildPhases = (
				B211AE741EA7C87500CF3DFB /* Sources */,
				B211AE751EA7C87500CF3DFB /* Frameworks */,
				B211AE761EA7C87500CF3DFB /* Resources */,
			);
			buildRules = (
			);
			dependencies = (
			);
			name = StudentsName;
			productName = StudentsName;
			productReference = B211AE781EA7C87500CF3DFB /* StudentsName.app */;
			productType = "com.apple.product-type.application";
		};
/* End PBXNativeTarget section */

/* Begin PBXProject section */
		B211AE701EA7C87500CF3DFB /* Project object */ = {
			isa = PBXProject;
			attributes = {
				LastSwiftUpdateCheck = 0830;
				LastUpgradeCheck = 0830;
				ORGANIZATIONNAME = Wylan;
				TargetAttributes = {
					B211AE771EA7C87500CF3DFB = {
						CreatedOnToolsVersion = 8.3.1;
						DevelopmentTeam = 6PHWN55R5A;
						ProvisioningStyle = Automatic;
					};
				};
			};
			buildConfigurationList = B211AE731EA7C87500CF3DFB /* Build configuration list for PBXProject "StudentsName" */;
			compatibilityVersion = "Xcode 3.2";
			developmentRegion = English;
			hasScannedForEncodings = 0;
			knownRegions = (
				en,
				Base,
			);
			mainGroup = B211AE6F1EA7C87500CF3DFB;
			productRefGroup = B211AE791EA7C87500CF3DFB /* Products */;
			projectDirPath = "";
			projectRoot = "";
			targets = (
				B211AE771EA7C87500CF3DFB /* StudentsName */,
			);
		};
/* End PBXProject section */

/* Begin PBXResourcesBuildPhase section */
		B211AE761EA7C87500CF3DFB /* Resources */ = {
			isa = PBXResourcesBuildPhase;
			buildActionMask = 2147483647;
			files = (
				B211AE861EA7C87500CF3DFB /* LaunchScreen.storyboard in Resources */,
				B211AE831EA7C87500CF3DFB /* Assets.xcassets in Resources */,
				B211AE811EA7C87500CF3DFB /* Main.storyboard in Resources */,
			);
			runOnlyForDeploymentPostprocessing = 0;
		};
/* End PBXResourcesBuildPhase section */

/* Begin PBXSourcesBuildPhase section */
		B211AE741EA7C87500CF3DFB /* Sources */ = {
			isa = PBXSourcesBuildPhase;
			buildActionMask = 2147483647;
			files = (
				B2468A951EA7CBBE008F7466 /* StudentListViewController.swift in Sources */,
				B2468A981EA7CD31008F7466 /* Student.swift in Sources */,
				B2468A9B1EA7D128008F7466 /* Student Controller.swift in Sources */,
				B211AE7C1EA7C87500CF3DFB /* AppDelegate.swift in Sources */,
				B2468A9E1EA7D151008F7466 /* Network Controller.swift in Sources */,
			);
			runOnlyForDeploymentPostprocessing = 0;
		};
/* End PBXSourcesBuildPhase section */

/* Begin PBXVariantGroup section */
		B211AE7F1EA7C87500CF3DFB /* Main.storyboard */ = {
			isa = PBXVariantGroup;
			children = (
				B211AE801EA7C87500CF3DFB /* Base */,
			);
			name = Main.storyboard;
			sourceTree = "<group>";
		};
		B211AE841EA7C87500CF3DFB /* LaunchScreen.storyboard */ = {
			isa = PBXVariantGroup;
			children = (
				B211AE851EA7C87500CF3DFB /* Base */,
			);
			name = LaunchScreen.storyboard;
			sourceTree = "<group>";
		};
/* End PBXVariantGroup section */

/* Begin XCBuildConfiguration section */
		B211AE881EA7C87500CF3DFB /* Debug */ = {
			isa = XCBuildConfiguration;
			buildSettings = {
				ALWAYS_SEARCH_USER_PATHS = NO;
				CLANG_ANALYZER_NONNULL = YES;
				CLANG_ANALYZER_NUMBER_OBJECT_CONVERSION = YES_AGGRESSIVE;
				CLANG_CXX_LANGUAGE_STANDARD = "gnu++0x";
				CLANG_CXX_LIBRARY = "libc++";
				CLANG_ENABLE_MODULES = YES;
				CLANG_ENABLE_OBJC_ARC = YES;
				CLANG_WARN_BOOL_CONVERSION = YES;
				CLANG_WARN_CONSTANT_CONVERSION = YES;
				CLANG_WARN_DIRECT_OBJC_ISA_USAGE = YES_ERROR;
				CLANG_WARN_DOCUMENTATION_COMMENTS = YES;
				CLANG_WARN_EMPTY_BODY = YES;
				CLANG_WARN_ENUM_CONVERSION = YES;
				CLANG_WARN_INFINITE_RECURSION = YES;
				CLANG_WARN_INT_CONVERSION = YES;
				CLANG_WARN_OBJC_ROOT_CLASS = YES_ERROR;
				CLANG_WARN_SUSPICIOUS_MOVE = YES;
				CLANG_WARN_UNREACHABLE_CODE = YES;
				CLANG_WARN__DUPLICATE_METHOD_MATCH = YES;
				"CODE_SIGN_IDENTITY[sdk=iphoneos*]" = "iPhone Developer";
				COPY_PHASE_STRIP = NO;
				DEBUG_INFORMATION_FORMAT = dwarf;
				ENABLE_STRICT_OBJC_MSGSEND = YES;
				ENABLE_TESTABILITY = YES;
				GCC_C_LANGUAGE_STANDARD = gnu99;
				GCC_DYNAMIC_NO_PIC = NO;
				GCC_NO_COMMON_BLOCKS = YES;
				GCC_OPTIMIZATION_LEVEL = 0;
				GCC_PREPROCESSOR_DEFINITIONS = (
					"DEBUG=1",
					"$(inherited)",
				);
				GCC_WARN_64_TO_32_BIT_CONVERSION = YES;
				GCC_WARN_ABOUT_RETURN_TYPE = YES_ERROR;
				GCC_WARN_UNDECLARED_SELECTOR = YES;
				GCC_WARN_UNINITIALIZED_AUTOS = YES_AGGRESSIVE;
				GCC_WARN_UNUSED_FUNCTION = YES;
				GCC_WARN_UNUSED_VARIABLE = YES;
				IPHONEOS_DEPLOYMENT_TARGET = 10.3;
				MTL_ENABLE_DEBUG_INFO = YES;
				ONLY_ACTIVE_ARCH = YES;
				SDKROOT = iphoneos;
				SWIFT_ACTIVE_COMPILATION_CONDITIONS = DEBUG;
				SWIFT_OPTIMIZATION_LEVEL = "-Onone";
				TARGETED_DEVICE_FAMILY = "1,2";
			};
			name = Debug;
		};
		B211AE891EA7C87500CF3DFB /* Release */ = {
			isa = XCBuildConfiguration;
			buildSettings = {
				ALWAYS_SEARCH_USER_PATHS = NO;
				CLANG_ANALYZER_NONNULL = YES;
				CLANG_ANALYZER_NUMBER_OBJECT_CONVERSION = YES_AGGRESSIVE;
				CLANG_CXX_LANGUAGE_STANDARD = "gnu++0x";
				CLANG_CXX_LIBRARY = "libc++";
				CLANG_ENABLE_MODULES = YES;
				CLANG_ENABLE_OBJC_ARC = YES;
				CLANG_WARN_BOOL_CONVERSION = YES;
				CLANG_WARN_CONSTANT_CONVERSION = YES;
				CLANG_WARN_DIRECT_OBJC_ISA_USAGE = YES_ERROR;
				CLANG_WARN_DOCUMENTATION_COMMENTS = YES;
				CLANG_WARN_EMPTY_BODY = YES;
				CLANG_WARN_ENUM_CONVERSION = YES;
				CLANG_WARN_INFINITE_RECURSION = YES;
				CLANG_WARN_INT_CONVERSION = YES;
				CLANG_WARN_OBJC_ROOT_CLASS = YES_ERROR;
				CLANG_WARN_SUSPICIOUS_MOVE = YES;
				CLANG_WARN_UNREACHABLE_CODE = YES;
				CLANG_WARN__DUPLICATE_METHOD_MATCH = YES;
				"CODE_SIGN_IDENTITY[sdk=iphoneos*]" = "iPhone Developer";
				COPY_PHASE_STRIP = NO;
				DEBUG_INFORMATION_FORMAT = "dwarf-with-dsym";
				ENABLE_NS_ASSERTIONS = NO;
				ENABLE_STRICT_OBJC_MSGSEND = YES;
				GCC_C_LANGUAGE_STANDARD = gnu99;
				GCC_NO_COMMON_BLOCKS = YES;
				GCC_WARN_64_TO_32_BIT_CONVERSION = YES;
				GCC_WARN_ABOUT_RETURN_TYPE = YES_ERROR;
				GCC_WARN_UNDECLARED_SELECTOR = YES;
				GCC_WARN_UNINITIALIZED_AUTOS = YES_AGGRESSIVE;
				GCC_WARN_UNUSED_FUNCTION = YES;
				GCC_WARN_UNUSED_VARIABLE = YES;
				IPHONEOS_DEPLOYMENT_TARGET = 10.3;
				MTL_ENABLE_DEBUG_INFO = NO;
				SDKROOT = iphoneos;
				SWIFT_OPTIMIZATION_LEVEL = "-Owholemodule";
				TARGETED_DEVICE_FAMILY = "1,2";
				VALIDATE_PRODUCT = YES;
			};
			name = Release;
		};
		B211AE8B1EA7C87500CF3DFB /* Debug */ = {
			isa = XCBuildConfiguration;
			buildSettings = {
				ASSETCATALOG_COMPILER_APPICON_NAME = AppIcon;
				DEVELOPMENT_TEAM = 6PHWN55R5A;
				INFOPLIST_FILE = StudentsName/Info.plist;
				LD_RUNPATH_SEARCH_PATHS = "$(inherited) @executable_path/Frameworks";
				PRODUCT_BUNDLE_IDENTIFIER = com.wylan.StudentsName;
				PRODUCT_NAME = "$(TARGET_NAME)";
				SWIFT_VERSION = 3.0;
			};
			name = Debug;
		};
		B211AE8C1EA7C87500CF3DFB /* Release */ = {
			isa = XCBuildConfiguration;
			buildSettings = {
				ASSETCATALOG_COMPILER_APPICON_NAME = AppIcon;
				DEVELOPMENT_TEAM = 6PHWN55R5A;
				INFOPLIST_FILE = StudentsName/Info.plist;
				LD_RUNPATH_SEARCH_PATHS = "$(inherited) @executable_path/Frameworks";
				PRODUCT_BUNDLE_IDENTIFIER = com.wylan.StudentsName;
				PRODUCT_NAME = "$(TARGET_NAME)";
				SWIFT_VERSION = 3.0;
			};
			name = Release;
		};
/* End XCBuildConfiguration section */

/* Begin XCConfigurationList section */
		B211AE731EA7C87500CF3DFB /* Build configuration list for PBXProject "StudentsName" */ = {
			isa = XCConfigurationList;
			buildConfigurations = (
				B211AE881EA7C87500CF3DFB /* Debug */,
				B211AE891EA7C87500CF3DFB /* Release */,
			);
			defaultConfigurationIsVisible = 0;
			defaultConfigurationName = Release;
		};
		B211AE8A1EA7C87500CF3DFB /* Build configuration list for PBXNativeTarget "StudentsName" */ = {
			isa = XCConfigurationList;
			buildConfigurations = (
				B211AE8B1EA7C87500CF3DFB /* Debug */,
				B211AE8C1EA7C87500CF3DFB /* Release */,
			);
			defaultConfigurationIsVisible = 0;
			defaultConfigurationName = Release;
		};
/* End XCConfigurationList section */
	};
	rootObject = B211AE701EA7C87500CF3DFB /* Project object */;
}
